
Microsoft Visual Studio Solution File, Format Version 12.00
# Visual Studio Version 17
VisualStudioVersion = 17.0.31903.59
MinimumVisualStudioVersion = 10.0.40219.1
Project("{FAE04EC0-301F-11D3-BF4B-00C04F79EFBC}") = "HAN.Services", "HAN.Services\HAN.Services.csproj", "{F2330E4A-3E05-4C84-82EF-8E58BCE65D2C}"
EndProject
Project("{FAE04EC0-301F-11D3-BF4B-00C04F79EFBC}") = "HAN.Data", "Data\HAN.Data.csproj", "{B2B1E07D-B74A-4F2E-9F43-A0F11F9F2766}"
EndProject
Project("{FAE04EC0-301F-11D3-BF4B-00C04F79EFBC}") = "HAN.Repositories", "HAN.Repositories\HAN.Repositories.csproj", "{5704A0CA-9EAC-43F3-8C78-260F6E111FEC}"
EndProject
Project("{FAE04EC0-301F-11D3-BF4B-00C04F79EFBC}") = "HAN.Tests", "HAN.Tests\HAN.Tests.csproj", "{A51946BE-4091-4F3F-B226-E860F19DD7F0}"
EndProject
Project("{FAE04EC0-301F-11D3-BF4B-00C04F79EFBC}") = "HAN.Client", "HAN.Client\HAN.Client.csproj", "{C54A0E28-E6CA-475E-BEE1-33D0EC49BFD0}"
EndProject
Project("{FAE04EC0-301F-11D3-BF4B-00C04F79EFBC}") = "HAN.Console", "HAN.Console\HAN.Console.csproj", "{EEA2DDE2-3081-4728-84D5-41797C5B03A6}"
EndProject
Project("{FAE04EC0-301F-11D3-BF4B-00C04F79EFBC}") = "HAN.Utilities", "HAN.Utilities\HAN.Utilities.csproj", "{DF553E83-7959-4C9C-A3E9-6B22CC16EFAB}"
EndProject
Project("{FAE04EC0-301F-11D3-BF4B-00C04F79EFBC}") = "HAN.Client.Server", "HAN.Client.Server\HAN.Client.Server.csproj", "{DB0119CC-D847-4B66-8BE0-3E7D3792DFAE}"
EndProject
Project("{FAE04EC0-301F-11D3-BF4B-00C04F79EFBC}") = "HAN.Client.API", "HAN.Client.API\HAN.Client.API.csproj", "{096EBD5D-574C-4F97-9C19-D50A199A10EE}"
EndProject
Global
	GlobalSection(SolutionConfigurationPlatforms) = preSolution
		Debug|Any CPU = Debug|Any CPU
		Release|Any CPU = Release|Any CPU
	EndGlobalSection
	GlobalSection(ProjectConfigurationPlatforms) = postSolution
		{F2330E4A-3E05-4C84-82EF-8E58BCE65D2C}.Debug|Any CPU.ActiveCfg = Debug|Any CPU
		{F2330E4A-3E05-4C84-82EF-8E58BCE65D2C}.Debug|Any CPU.Build.0 = Debug|Any CPU
		{F2330E4A-3E05-4C84-82EF-8E58BCE65D2C}.Release|Any CPU.ActiveCfg = Release|Any CPU
		{F2330E4A-3E05-4C84-82EF-8E58BCE65D2C}.Release|Any CPU.Build.0 = Release|Any CPU
		{B2B1E07D-B74A-4F2E-9F43-A0F11F9F2766}.Debug|Any CPU.ActiveCfg = Debug|Any CPU
		{B2B1E07D-B74A-4F2E-9F43-A0F11F9F2766}.Debug|Any CPU.Build.0 = Debug|Any CPU
		{B2B1E07D-B74A-4F2E-9F43-A0F11F9F2766}.Release|Any CPU.ActiveCfg = Release|Any CPU
		{B2B1E07D-B74A-4F2E-9F43-A0F11F9F2766}.Release|Any CPU.Build.0 = Release|Any CPU
		{5704A0CA-9EAC-43F3-8C78-260F6E111FEC}.Debug|Any CPU.ActiveCfg = Debug|Any CPU
		{5704A0CA-9EAC-43F3-8C78-260F6E111FEC}.Debug|Any CPU.Build.0 = Debug|Any CPU
		{5704A0CA-9EAC-43F3-8C78-260F6E111FEC}.Release|Any CPU.ActiveCfg = Release|Any CPU
		{5704A0CA-9EAC-43F3-8C78-260F6E111FEC}.Release|Any CPU.Build.0 = Release|Any CPU
		{A51946BE-4091-4F3F-B226-E860F19DD7F0}.Debug|Any CPU.ActiveCfg = Debug|Any CPU
		{A51946BE-4091-4F3F-B226-E860F19DD7F0}.Debug|Any CPU.Build.0 = Debug|Any CPU
		{A51946BE-4091-4F3F-B226-E860F19DD7F0}.Release|Any CPU.ActiveCfg = Release|Any CPU
		{A51946BE-4091-4F3F-B226-E860F19DD7F0}.Release|Any CPU.Build.0 = Release|Any CPU
		{C54A0E28-E6CA-475E-BEE1-33D0EC49BFD0}.Debug|Any CPU.ActiveCfg = Debug|Any CPU
		{C54A0E28-E6CA-475E-BEE1-33D0EC49BFD0}.Debug|Any CPU.Build.0 = Debug|Any CPU
		{C54A0E28-E6CA-475E-BEE1-33D0EC49BFD0}.Release|Any CPU.ActiveCfg = Release|Any CPU
		{C54A0E28-E6CA-475E-BEE1-33D0EC49BFD0}.Release|Any CPU.Build.0 = Release|Any CPU
		{EEA2DDE2-3081-4728-84D5-41797C5B03A6}.Debug|Any CPU.ActiveCfg = Debug|Any CPU
		{EEA2DDE2-3081-4728-84D5-41797C5B03A6}.Debug|Any CPU.Build.0 = Debug|Any CPU
		{EEA2DDE2-3081-4728-84D5-41797C5B03A6}.Release|Any CPU.ActiveCfg = Release|Any CPU
		{EEA2DDE2-3081-4728-84D5-41797C5B03A6}.Release|Any CPU.Build.0 = Release|Any CPU
		{DF553E83-7959-4C9C-A3E9-6B22CC16EFAB}.Debug|Any CPU.ActiveCfg = Debug|Any CPU
		{DF553E83-7959-4C9C-A3E9-6B22CC16EFAB}.Debug|Any CPU.Build.0 = Debug|Any CPU
		{DF553E83-7959-4C9C-A3E9-6B22CC16EFAB}.Release|Any CPU.ActiveCfg = Release|Any CPU
		{DF553E83-7959-4C9C-A3E9-6B22CC16EFAB}.Release|Any CPU.Build.0 = Release|Any CPU
		{DB0119CC-D847-4B66-8BE0-3E7D3792DFAE}.Debug|Any CPU.ActiveCfg = Debug|Any CPU
		{DB0119CC-D847-4B66-8BE0-3E7D3792DFAE}.Debug|Any CPU.Build.0 = Debug|Any CPU
		{DB0119CC-D847-4B66-8BE0-3E7D3792DFAE}.Release|Any CPU.ActiveCfg = Release|Any CPU
		{DB0119CC-D847-4B66-8BE0-3E7D3792DFAE}.Release|Any CPU.Build.0 = Release|Any CPU
		{096EBD5D-574C-4F97-9C19-D50A199A10EE}.Debug|Any CPU.ActiveCfg = Debug|Any CPU
		{096EBD5D-574C-4F97-9C19-D50A199A10EE}.Debug|Any CPU.Build.0 = Debug|Any CPU
		{096EBD5D-574C-4F97-9C19-D50A199A10EE}.Release|Any CPU.ActiveCfg = Release|Any CPU
		{096EBD5D-574C-4F97-9C19-D50A199A10EE}.Release|Any CPU.Build.0 = Release|Any CPU
	EndGlobalSection
	GlobalSection(SolutionProperties) = preSolution
		HideSolutionNode = FALSE
	EndGlobalSection
	GlobalSection(ExtensibilityGlobals) = postSolution
		SolutionGuid = {88798ECE-574D-42FD-A760-7EC906D1BFE5}
	EndGlobalSection
EndGlobal
